
Microsoft Visual Studio Solution File, Format Version 11.00
# Visual Studio 2010
Project("{FAE04EC0-301F-11D3-BF4B-00C04F79EFBC}") = "SadikSearch", "SadikSearch\SadikSearch.csproj", "{C34D01BB-E36F-4D07-89EA-E58E6DE49963}"
EndProject
Global
	GlobalSection(SolutionConfigurationPlatforms) = preSolution
		Debug|Any CPU = Debug|Any CPU
		Release|Any CPU = Release|Any CPU
	EndGlobalSection
	GlobalSection(ProjectConfigurationPlatforms) = postSolution
		{C34D01BB-E36F-4D07-89EA-E58E6DE49963}.Debug|Any CPU.ActiveCfg = Debug|Any CPU
		{C34D01BB-E36F-4D07-89EA-E58E6DE49963}.Debug|Any CPU.Build.0 = Debug|Any CPU
		{C34D01BB-E36F-4D07-89EA-E58E6DE49963}.Release|Any CPU.ActiveCfg = Release|Any CPU
		{C34D01BB-E36F-4D07-89EA-E58E6DE49963}.Release|Any CPU.Build.0 = Release|Any CPU
	EndGlobalSection
	GlobalSection(SolutionProperties) = preSolution
		HideSolutionNode = FALSE
	EndGlobalSection
EndGlobal
